// !$*UTF8*$!
{
	archiveVersion = 1;
	classes = {
	};
	objectVersion = 46;
	objects = {

/* Begin PBXBuildFile section */
		7A3F43AD1AA9CFE90086195E /* AppDelegate.swift in Sources */ = {isa = PBXBuildFile; fileRef = 7A3F43AC1AA9CFE90086195E /* AppDelegate.swift */; };
		7A3F43B41AA9CFE90086195E /* Images.xcassets in Resources */ = {isa = PBXBuildFile; fileRef = 7A3F43B31AA9CFE90086195E /* Images.xcassets */; };
		7A3F43C31AA9CFE90086195E /* MKWeiboTests.swift in Sources */ = {isa = PBXBuildFile; fileRef = 7A3F43C21AA9CFE90086195E /* MKWeiboTests.swift */; };
		7A3F43D91AA9D06B0086195E /* NetworkManager.swift in Sources */ = {isa = PBXBuildFile; fileRef = 7A3F43CF1AA9D06B0086195E /* NetworkManager.swift */; };
		7A3F43DA1AA9D06B0086195E /* OAuth.storyboard in Resources */ = {isa = PBXBuildFile; fileRef = 7A3F43D61AA9D06B0086195E /* OAuth.storyboard */; };
		7A3F43DB1AA9D06B0086195E /* OAuthViewController.swift in Sources */ = {isa = PBXBuildFile; fileRef = 7A3F43D71AA9D06B0086195E /* OAuthViewController.swift */; };
		7A3F43E41AA9D0770086195E /* SVIndefiniteAnimatedView.m in Sources */ = {isa = PBXBuildFile; fileRef = 7A3F43DF1AA9D0770086195E /* SVIndefiniteAnimatedView.m */; };
		7A3F43E51AA9D0770086195E /* SVProgressHUD.bundle in Resources */ = {isa = PBXBuildFile; fileRef = 7A3F43E11AA9D0770086195E /* SVProgressHUD.bundle */; };
		7A3F43E61AA9D0770086195E /* SVProgressHUD.m in Sources */ = {isa = PBXBuildFile; fileRef = 7A3F43E31AA9D0770086195E /* SVProgressHUD.m */; };
		7A3F43E81AA9D0A10086195E /* SimpleNetwork.swift in Sources */ = {isa = PBXBuildFile; fileRef = 7A3F43E71AA9D0A10086195E /* SimpleNetwork.swift */; };
		7A64720E1AB286E20085895E /* Main.storyboard in Resources */ = {isa = PBXBuildFile; fileRef = 7A64720D1AB286E20085895E /* Main.storyboard */; };
		7A6472101AB287430085895E /* MainViewController.swift in Sources */ = {isa = PBXBuildFile; fileRef = 7A64720F1AB287430085895E /* MainViewController.swift */; };
		7A6472121AB2875D0085895E /* TabBar.swift in Sources */ = {isa = PBXBuildFile; fileRef = 7A6472111AB2875D0085895E /* TabBar.swift */; };
		7A6472141AB2879C0085895E /* Discover.storyboard in Resources */ = {isa = PBXBuildFile; fileRef = 7A6472131AB2879C0085895E /* Discover.storyboard */; };
		7A6472161AB288330085895E /* DiscoverViewController.swift in Sources */ = {isa = PBXBuildFile; fileRef = 7A6472151AB288330085895E /* DiscoverViewController.swift */; };
		7A6472181AB288760085895E /* Home.storyboard in Resources */ = {isa = PBXBuildFile; fileRef = 7A6472171AB288760085895E /* Home.storyboard */; };
		7A64721A1AB288990085895E /* HomeViewController.swift in Sources */ = {isa = PBXBuildFile; fileRef = 7A6472191AB288990085895E /* HomeViewController.swift */; };
		7A64721C1AB288CA0085895E /* MessageViewController.swift in Sources */ = {isa = PBXBuildFile; fileRef = 7A64721B1AB288CA0085895E /* MessageViewController.swift */; };
		7A64721E1AB288DA0085895E /* Message.storyboard in Resources */ = {isa = PBXBuildFile; fileRef = 7A64721D1AB288DA0085895E /* Message.storyboard */; };
		7A6472201AB289090085895E /* Profile.storyboard in Resources */ = {isa = PBXBuildFile; fileRef = 7A64721F1AB289090085895E /* Profile.storyboard */; };
		7A6472221AB2892A0085895E /* ProfileViewController.swift in Sources */ = {isa = PBXBuildFile; fileRef = 7A6472211AB2892A0085895E /* ProfileViewController.swift */; };
		7A64722A1AB2EAD40085895E /* UIView+MK.m in Sources */ = {isa = PBXBuildFile; fileRef = 7A6472291AB2EAD40085895E /* UIView+MK.m */; };
		7A64722D1AB3294D0085895E /* Compose.storyboard in Resources */ = {isa = PBXBuildFile; fileRef = 7A64722C1AB3294D0085895E /* Compose.storyboard */; };
		7A64722F1AB329D20085895E /* ComposeViewController.swift in Sources */ = {isa = PBXBuildFile; fileRef = 7A64722E1AB329D20085895E /* ComposeViewController.swift */; };
		7A9CF3591AAEE0A600F51FE6 /* SwiftDictModel.swift in Sources */ = {isa = PBXBuildFile; fileRef = 7A9CF3581AAEE0A600F51FE6 /* SwiftDictModel.swift */; };
		7AA2F29E1AAEE3D30071E336 /* AccessToken.swift in Sources */ = {isa = PBXBuildFile; fileRef = 7AA2F29D1AAEE3D30071E336 /* AccessToken.swift */; };
/* End PBXBuildFile section */

/* Begin PBXContainerItemProxy section */
		7A3F43BD1AA9CFE90086195E /* PBXContainerItemProxy */ = {
			isa = PBXContainerItemProxy;
			containerPortal = 7A3F439F1AA9CFE90086195E /* Project object */;
			proxyType = 1;
			remoteGlobalIDString = 7A3F43A61AA9CFE90086195E;
			remoteInfo = MKWeibo;
		};
/* End PBXContainerItemProxy section */

/* Begin PBXFileReference section */
		7A3F43A71AA9CFE90086195E /* MKWeibo.app */ = {isa = PBXFileReference; explicitFileType = wrapper.application; includeInIndex = 0; path = MKWeibo.app; sourceTree = BUILT_PRODUCTS_DIR; };
		7A3F43AB1AA9CFE90086195E /* Info.plist */ = {isa = PBXFileReference; lastKnownFileType = text.plist.xml; path = Info.plist; sourceTree = "<group>"; };
		7A3F43AC1AA9CFE90086195E /* AppDelegate.swift */ = {isa = PBXFileReference; lastKnownFileType = sourcecode.swift; path = AppDelegate.swift; sourceTree = "<group>"; };
		7A3F43B31AA9CFE90086195E /* Images.xcassets */ = {isa = PBXFileReference; lastKnownFileType = folder.assetcatalog; path = Images.xcassets; sourceTree = "<group>"; };
		7A3F43BC1AA9CFE90086195E /* MKWeiboTests.xctest */ = {isa = PBXFileReference; explicitFileType = wrapper.cfbundle; includeInIndex = 0; path = MKWeiboTests.xctest; sourceTree = BUILT_PRODUCTS_DIR; };
		7A3F43C11AA9CFE90086195E /* Info.plist */ = {isa = PBXFileReference; lastKnownFileType = text.plist.xml; path = Info.plist; sourceTree = "<group>"; };
		7A3F43C21AA9CFE90086195E /* MKWeiboTests.swift */ = {isa = PBXFileReference; lastKnownFileType = sourcecode.swift; path = MKWeiboTests.swift; sourceTree = "<group>"; };
		7A3F43CF1AA9D06B0086195E /* NetworkManager.swift */ = {isa = PBXFileReference; fileEncoding = 4; lastKnownFileType = sourcecode.swift; path = NetworkManager.swift; sourceTree = "<group>"; };
		7A3F43D61AA9D06B0086195E /* OAuth.storyboard */ = {isa = PBXFileReference; fileEncoding = 4; lastKnownFileType = file.storyboard; path = OAuth.storyboard; sourceTree = "<group>"; };
		7A3F43D71AA9D06B0086195E /* OAuthViewController.swift */ = {isa = PBXFileReference; fileEncoding = 4; lastKnownFileType = sourcecode.swift; path = OAuthViewController.swift; sourceTree = "<group>"; };
		7A3F43DE1AA9D0770086195E /* SVIndefiniteAnimatedView.h */ = {isa = PBXFileReference; fileEncoding = 4; lastKnownFileType = sourcecode.c.h; path = SVIndefiniteAnimatedView.h; sourceTree = "<group>"; };
		7A3F43DF1AA9D0770086195E /* SVIndefiniteAnimatedView.m */ = {isa = PBXFileReference; fileEncoding = 4; lastKnownFileType = sourcecode.c.objc; path = SVIndefiniteAnimatedView.m; sourceTree = "<group>"; };
		7A3F43E01AA9D0770086195E /* SVProgressHUD-Prefix.pch */ = {isa = PBXFileReference; fileEncoding = 4; lastKnownFileType = sourcecode.c.h; path = "SVProgressHUD-Prefix.pch"; sourceTree = "<group>"; };
		7A3F43E11AA9D0770086195E /* SVProgressHUD.bundle */ = {isa = PBXFileReference; lastKnownFileType = "wrapper.plug-in"; path = SVProgressHUD.bundle; sourceTree = "<group>"; };
		7A3F43E21AA9D0770086195E /* SVProgressHUD.h */ = {isa = PBXFileReference; fileEncoding = 4; lastKnownFileType = sourcecode.c.h; path = SVProgressHUD.h; sourceTree = "<group>"; };
		7A3F43E31AA9D0770086195E /* SVProgressHUD.m */ = {isa = PBXFileReference; fileEncoding = 4; lastKnownFileType = sourcecode.c.objc; path = SVProgressHUD.m; sourceTree = "<group>"; };
		7A3F43E71AA9D0A10086195E /* SimpleNetwork.swift */ = {isa = PBXFileReference; fileEncoding = 4; lastKnownFileType = sourcecode.swift; path = SimpleNetwork.swift; sourceTree = "<group>"; };
		7A3F43E91AA9D11E0086195E /* MKWeibo-Bridge.h */ = {isa = PBXFileReference; fileEncoding = 4; lastKnownFileType = sourcecode.c.h; path = "MKWeibo-Bridge.h"; sourceTree = "<group>"; };
		7A64720D1AB286E20085895E /* Main.storyboard */ = {isa = PBXFileReference; fileEncoding = 4; lastKnownFileType = file.storyboard; path = Main.storyboard; sourceTree = "<group>"; };
		7A64720F1AB287430085895E /* MainViewController.swift */ = {isa = PBXFileReference; fileEncoding = 4; lastKnownFileType = sourcecode.swift; path = MainViewController.swift; sourceTree = "<group>"; };
		7A6472111AB2875D0085895E /* TabBar.swift */ = {isa = PBXFileReference; fileEncoding = 4; lastKnownFileType = sourcecode.swift; path = TabBar.swift; sourceTree = "<group>"; };
		7A6472131AB2879C0085895E /* Discover.storyboard */ = {isa = PBXFileReference; fileEncoding = 4; lastKnownFileType = file.storyboard; path = Discover.storyboard; sourceTree = "<group>"; };
		7A6472151AB288330085895E /* DiscoverViewController.swift */ = {isa = PBXFileReference; fileEncoding = 4; lastKnownFileType = sourcecode.swift; path = DiscoverViewController.swift; sourceTree = "<group>"; };
		7A6472171AB288760085895E /* Home.storyboard */ = {isa = PBXFileReference; fileEncoding = 4; lastKnownFileType = file.storyboard; path = Home.storyboard; sourceTree = "<group>"; };
		7A6472191AB288990085895E /* HomeViewController.swift */ = {isa = PBXFileReference; fileEncoding = 4; lastKnownFileType = sourcecode.swift; path = HomeViewController.swift; sourceTree = "<group>"; };
		7A64721B1AB288CA0085895E /* MessageViewController.swift */ = {isa = PBXFileReference; fileEncoding = 4; lastKnownFileType = sourcecode.swift; path = MessageViewController.swift; sourceTree = "<group>"; };
		7A64721D1AB288DA0085895E /* Message.storyboard */ = {isa = PBXFileReference; fileEncoding = 4; lastKnownFileType = file.storyboard; path = Message.storyboard; sourceTree = "<group>"; };
		7A64721F1AB289090085895E /* Profile.storyboard */ = {isa = PBXFileReference; fileEncoding = 4; lastKnownFileType = file.storyboard; path = Profile.storyboard; sourceTree = "<group>"; };
		7A6472211AB2892A0085895E /* ProfileViewController.swift */ = {isa = PBXFileReference; fileEncoding = 4; lastKnownFileType = sourcecode.swift; path = ProfileViewController.swift; sourceTree = "<group>"; };
		7A6472281AB2EAD40085895E /* UIView+MK.h */ = {isa = PBXFileReference; fileEncoding = 4; lastKnownFileType = sourcecode.c.h; path = "UIView+MK.h"; sourceTree = "<group>"; };
		7A6472291AB2EAD40085895E /* UIView+MK.m */ = {isa = PBXFileReference; fileEncoding = 4; lastKnownFileType = sourcecode.c.objc; path = "UIView+MK.m"; sourceTree = "<group>"; };
		7A64722C1AB3294D0085895E /* Compose.storyboard */ = {isa = PBXFileReference; fileEncoding = 4; lastKnownFileType = file.storyboard; path = Compose.storyboard; sourceTree = "<group>"; };
		7A64722E1AB329D20085895E /* ComposeViewController.swift */ = {isa = PBXFileReference; fileEncoding = 4; lastKnownFileType = sourcecode.swift; path = ComposeViewController.swift; sourceTree = "<group>"; };
		7A9CF3581AAEE0A600F51FE6 /* SwiftDictModel.swift */ = {isa = PBXFileReference; fileEncoding = 4; lastKnownFileType = sourcecode.swift; name = SwiftDictModel.swift; path = ../../../../../SwiftDictModel/SwiftDictModel/SwiftDictModel/Souces/SwiftDictModel.swift; sourceTree = "<group>"; };
		7AA2F29D1AAEE3D30071E336 /* AccessToken.swift */ = {isa = PBXFileReference; fileEncoding = 4; lastKnownFileType = sourcecode.swift; path = AccessToken.swift; sourceTree = "<group>"; };
/* End PBXFileReference section */

/* Begin PBXFrameworksBuildPhase section */
		7A3F43A41AA9CFE90086195E /* Frameworks */ = {
			isa = PBXFrameworksBuildPhase;
			buildActionMask = 2147483647;
			files = (
			);
			runOnlyForDeploymentPostprocessing = 0;
		};
		7A3F43B91AA9CFE90086195E /* Frameworks */ = {
			isa = PBXFrameworksBuildPhase;
			buildActionMask = 2147483647;
			files = (
			);
			runOnlyForDeploymentPostprocessing = 0;
		};
/* End PBXFrameworksBuildPhase section */

/* Begin PBXGroup section */
		7A3F439E1AA9CFE90086195E = {
			isa = PBXGroup;
			children = (
				7A3F43A91AA9CFE90086195E /* MKWeibo */,
				7A3F43BF1AA9CFE90086195E /* MKWeiboTests */,
				7A3F43A81AA9CFE90086195E /* Products */,
			);
			sourceTree = "<group>";
		};
		7A3F43A81AA9CFE90086195E /* Products */ = {
			isa = PBXGroup;
			children = (
				7A3F43A71AA9CFE90086195E /* MKWeibo.app */,
				7A3F43BC1AA9CFE90086195E /* MKWeiboTests.xctest */,
			);
			name = Products;
			sourceTree = "<group>";
		};
		7A3F43A91AA9CFE90086195E /* MKWeibo */ = {
			isa = PBXGroup;
			children = (
				7A3F43CC1AA9D06B0086195E /* Classes */,
				7A3F43DC1AA9D0770086195E /* Libs */,
				7A3F43AC1AA9CFE90086195E /* AppDelegate.swift */,
				7A3F43B31AA9CFE90086195E /* Images.xcassets */,
				7A3F43AA1AA9CFE90086195E /* Supporting Files */,
			);
			path = MKWeibo;
			sourceTree = "<group>";
		};
		7A3F43AA1AA9CFE90086195E /* Supporting Files */ = {
			isa = PBXGroup;
			children = (
				7A3F43AB1AA9CFE90086195E /* Info.plist */,
				7A3F43E91AA9D11E0086195E /* MKWeibo-Bridge.h */,
			);
			name = "Supporting Files";
			sourceTree = "<group>";
		};
		7A3F43BF1AA9CFE90086195E /* MKWeiboTests */ = {
			isa = PBXGroup;
			children = (
				7A3F43C21AA9CFE90086195E /* MKWeiboTests.swift */,
				7A3F43C01AA9CFE90086195E /* Supporting Files */,
			);
			path = MKWeiboTests;
			sourceTree = "<group>";
		};
		7A3F43C01AA9CFE90086195E /* Supporting Files */ = {
			isa = PBXGroup;
			children = (
				7A3F43C11AA9CFE90086195E /* Info.plist */,
			);
			name = "Supporting Files";
			sourceTree = "<group>";
		};
		7A3F43CC1AA9D06B0086195E /* Classes */ = {
			isa = PBXGroup;
			children = (
				7A3F43CE1AA9D06B0086195E /* Tools */,
				7A3F43CD1AA9D06B0086195E /* BusinessModel */,
				7A3F43D01AA9D06B0086195E /* UI */,
			);
			path = Classes;
			sourceTree = "<group>";
		};
		7A3F43CD1AA9D06B0086195E /* BusinessModel */ = {
			isa = PBXGroup;
			children = (
				7AA2F29D1AAEE3D30071E336 /* AccessToken.swift */,
			);
			path = BusinessModel;
			sourceTree = "<group>";
		};
		7A3F43CE1AA9D06B0086195E /* Tools */ = {
			isa = PBXGroup;
			children = (
				7A3F43E71AA9D0A10086195E /* SimpleNetwork.swift */,
				7A3F43CF1AA9D06B0086195E /* NetworkManager.swift */,
				7A9CF3581AAEE0A600F51FE6 /* SwiftDictModel.swift */,
				7A6472281AB2EAD40085895E /* UIView+MK.h */,
				7A6472291AB2EAD40085895E /* UIView+MK.m */,
			);
			path = Tools;
			sourceTree = "<group>";
		};
		7A3F43D01AA9D06B0086195E /* UI */ = {
			isa = PBXGroup;
			children = (
				7A3F43D51AA9D06B0086195E /* OAuth */,
				7A64722B1AB3293D0085895E /* Compose */,
				7A3F43D31AA9D06B0086195E /* Main */,
				7A3F43D11AA9D06B0086195E /* Discover */,
				7A3F43D21AA9D06B0086195E /* Home */,
				7A3F43D41AA9D06B0086195E /* Message */,
				7A3F43D81AA9D06B0086195E /* Profile */,
			);
			path = UI;
			sourceTree = "<group>";
		};
		7A3F43D11AA9D06B0086195E /* Discover */ = {
			isa = PBXGroup;
			children = (
				7A6472131AB2879C0085895E /* Discover.storyboard */,
				7A6472151AB288330085895E /* DiscoverViewController.swift */,
			);
			path = Discover;
			sourceTree = "<group>";
		};
		7A3F43D21AA9D06B0086195E /* Home */ = {
			isa = PBXGroup;
			children = (
				7A6472171AB288760085895E /* Home.storyboard */,
				7A6472191AB288990085895E /* HomeViewController.swift */,
			);
			path = Home;
			sourceTree = "<group>";
		};
		7A3F43D31AA9D06B0086195E /* Main */ = {
			isa = PBXGroup;
			children = (
				7A64720D1AB286E20085895E /* Main.storyboard */,
				7A64720F1AB287430085895E /* MainViewController.swift */,
				7A6472111AB2875D0085895E /* TabBar.swift */,
			);
			path = Main;
			sourceTree = "<group>";
		};
		7A3F43D41AA9D06B0086195E /* Message */ = {
			isa = PBXGroup;
			children = (
				7A64721D1AB288DA0085895E /* Message.storyboard */,
				7A64721B1AB288CA0085895E /* MessageViewController.swift */,
			);
			path = Message;
			sourceTree = "<group>";
		};
		7A3F43D51AA9D06B0086195E /* OAuth */ = {
			isa = PBXGroup;
			children = (
				7A3F43D61AA9D06B0086195E /* OAuth.storyboard */,
				7A3F43D71AA9D06B0086195E /* OAuthViewController.swift */,
			);
			path = OAuth;
			sourceTree = "<group>";
		};
		7A3F43D81AA9D06B0086195E /* Profile */ = {
			isa = PBXGroup;
			children = (
				7A64721F1AB289090085895E /* Profile.storyboard */,
				7A6472211AB2892A0085895E /* ProfileViewController.swift */,
			);
			path = Profile;
			sourceTree = "<group>";
		};
		7A3F43DC1AA9D0770086195E /* Libs */ = {
			isa = PBXGroup;
			children = (
				7A3F43DD1AA9D0770086195E /* SVProgressHUD */,
			);
			path = Libs;
			sourceTree = "<group>";
		};
		7A3F43DD1AA9D0770086195E /* SVProgressHUD */ = {
			isa = PBXGroup;
			children = (
				7A3F43DE1AA9D0770086195E /* SVIndefiniteAnimatedView.h */,
				7A3F43DF1AA9D0770086195E /* SVIndefiniteAnimatedView.m */,
				7A3F43E01AA9D0770086195E /* SVProgressHUD-Prefix.pch */,
				7A3F43E11AA9D0770086195E /* SVProgressHUD.bundle */,
				7A3F43E21AA9D0770086195E /* SVProgressHUD.h */,
				7A3F43E31AA9D0770086195E /* SVProgressHUD.m */,
			);
			path = SVProgressHUD;
			sourceTree = "<group>";
		};
		7A64722B1AB3293D0085895E /* Compose */ = {
			isa = PBXGroup;
			children = (
				7A64722C1AB3294D0085895E /* Compose.storyboard */,
				7A64722E1AB329D20085895E /* ComposeViewController.swift */,
			);
			path = Compose;
			sourceTree = "<group>";
		};
/* End PBXGroup section */

/* Begin PBXNativeTarget section */
		7A3F43A61AA9CFE90086195E /* MKWeibo */ = {
			isa = PBXNativeTarget;
			buildConfigurationList = 7A3F43C61AA9CFE90086195E /* Build configuration list for PBXNativeTarget "MKWeibo" */;
			buildPhases = (
				7A3F43A31AA9CFE90086195E /* Sources */,
				7A3F43A41AA9CFE90086195E /* Frameworks */,
				7A3F43A51AA9CFE90086195E /* Resources */,
			);
			buildRules = (
			);
			dependencies = (
			);
			name = MKWeibo;
			productName = MKWeibo;
			productReference = 7A3F43A71AA9CFE90086195E /* MKWeibo.app */;
			productType = "com.apple.product-type.application";
		};
		7A3F43BB1AA9CFE90086195E /* MKWeiboTests */ = {
			isa = PBXNativeTarget;
			buildConfigurationList = 7A3F43C91AA9CFE90086195E /* Build configuration list for PBXNativeTarget "MKWeiboTests" */;
			buildPhases = (
				7A3F43B81AA9CFE90086195E /* Sources */,
				7A3F43B91AA9CFE90086195E /* Frameworks */,
				7A3F43BA1AA9CFE90086195E /* Resources */,
			);
			buildRules = (
			);
			dependencies = (
				7A3F43BE1AA9CFE90086195E /* PBXTargetDependency */,
			);
			name = MKWeiboTests;
			productName = MKWeiboTests;
			productReference = 7A3F43BC1AA9CFE90086195E /* MKWeiboTests.xctest */;
			productType = "com.apple.product-type.bundle.unit-test";
		};
/* End PBXNativeTarget section */

/* Begin PBXProject section */
		7A3F439F1AA9CFE90086195E /* Project object */ = {
			isa = PBXProject;
			attributes = {
				CLASSPREFIX = "";
				LastUpgradeCheck = 0630;
				ORGANIZATIONNAME = "穆康";
				TargetAttributes = {
					7A3F43A61AA9CFE90086195E = {
						CreatedOnToolsVersion = 6.3;
					};
					7A3F43BB1AA9CFE90086195E = {
						CreatedOnToolsVersion = 6.3;
						TestTargetID = 7A3F43A61AA9CFE90086195E;
					};
				};
			};
			buildConfigurationList = 7A3F43A21AA9CFE90086195E /* Build configuration list for PBXProject "MKWeibo" */;
			compatibilityVersion = "Xcode 3.2";
			developmentRegion = English;
			hasScannedForEncodings = 0;
			knownRegions = (
				en,
				Base,
			);
			mainGroup = 7A3F439E1AA9CFE90086195E;
			productRefGroup = 7A3F43A81AA9CFE90086195E /* Products */;
			projectDirPath = "";
			projectRoot = "";
			targets = (
				7A3F43A61AA9CFE90086195E /* MKWeibo */,
				7A3F43BB1AA9CFE90086195E /* MKWeiboTests */,
			);
		};
/* End PBXProject section */

/* Begin PBXResourcesBuildPhase section */
		7A3F43A51AA9CFE90086195E /* Resources */ = {
			isa = PBXResourcesBuildPhase;
			buildActionMask = 2147483647;
			files = (
				7A3F43DA1AA9D06B0086195E /* OAuth.storyboard in Resources */,
				7A3F43E51AA9D0770086195E /* SVProgressHUD.bundle in Resources */,
				7A6472201AB289090085895E /* Profile.storyboard in Resources */,
				7A6472141AB2879C0085895E /* Discover.storyboard in Resources */,
				7A6472181AB288760085895E /* Home.storyboard in Resources */,
				7A3F43B41AA9CFE90086195E /* Images.xcassets in Resources */,
				7A64720E1AB286E20085895E /* Main.storyboard in Resources */,
				7A64722D1AB3294D0085895E /* Compose.storyboard in Resources */,
				7A64721E1AB288DA0085895E /* Message.storyboard in Resources */,
			);
			runOnlyForDeploymentPostprocessing = 0;
		};
		7A3F43BA1AA9CFE90086195E /* Resources */ = {
			isa = PBXResourcesBuildPhase;
			buildActionMask = 2147483647;
			files = (
			);
			runOnlyForDeploymentPostprocessing = 0;
		};
/* End PBXResourcesBuildPhase section */

/* Begin PBXSourcesBuildPhase section */
		7A3F43A31AA9CFE90086195E /* Sources */ = {
			isa = PBXSourcesBuildPhase;
			buildActionMask = 2147483647;
			files = (
				7A3F43E81AA9D0A10086195E /* SimpleNetwork.swift in Sources */,
				7A64722A1AB2EAD40085895E /* UIView+MK.m in Sources */,
				7A64721C1AB288CA0085895E /* MessageViewController.swift in Sources */,
				7A9CF3591AAEE0A600F51FE6 /* SwiftDictModel.swift in Sources */,
				7A3F43D91AA9D06B0086195E /* NetworkManager.swift in Sources */,
				7A6472221AB2892A0085895E /* ProfileViewController.swift in Sources */,
				7A3F43DB1AA9D06B0086195E /* OAuthViewController.swift in Sources */,
				7A3F43E61AA9D0770086195E /* SVProgressHUD.m in Sources */,
				7A3F43AD1AA9CFE90086195E /* AppDelegate.swift in Sources */,
				7A6472101AB287430085895E /* MainViewController.swift in Sources */,
				7A3F43E41AA9D0770086195E /* SVIndefiniteAnimatedView.m in Sources */,
				7A64722F1AB329D20085895E /* ComposeViewController.swift in Sources */,
				7A6472161AB288330085895E /* DiscoverViewController.swift in Sources */,
				7AA2F29E1AAEE3D30071E336 /* AccessToken.swift in Sources */,
				7A6472121AB2875D0085895E /* TabBar.swift in Sources */,
				7A64721A1AB288990085895E /* HomeViewController.swift in Sources */,
			);
			runOnlyForDeploymentPostprocessing = 0;
		};
		7A3F43B81AA9CFE90086195E /* Sources */ = {
			isa = PBXSourcesBuildPhase;
			buildActionMask = 2147483647;
			files = (
				7A3F43C31AA9CFE90086195E /* MKWeiboTests.swift in Sources */,
			);
			runOnlyForDeploymentPostprocessing = 0;
		};
/* End PBXSourcesBuildPhase section */

/* Begin PBXTargetDependency section */
		7A3F43BE1AA9CFE90086195E /* PBXTargetDependency */ = {
			isa = PBXTargetDependency;
			target = 7A3F43A61AA9CFE90086195E /* MKWeibo */;
			targetProxy = 7A3F43BD1AA9CFE90086195E /* PBXContainerItemProxy */;
		};
/* End PBXTargetDependency section */

/* Begin XCBuildConfiguration section */
		7A3F43C41AA9CFE90086195E /* Debug */ = {
			isa = XCBuildConfiguration;
			buildSettings = {
				ALWAYS_SEARCH_USER_PATHS = NO;
				CLANG_CXX_LANGUAGE_STANDARD = "gnu++0x";
				CLANG_CXX_LIBRARY = "libc++";
				CLANG_ENABLE_MODULES = YES;
				CLANG_ENABLE_OBJC_ARC = YES;
				CLANG_WARN_BOOL_CONVERSION = YES;
				CLANG_WARN_CONSTANT_CONVERSION = YES;
				CLANG_WARN_DIRECT_OBJC_ISA_USAGE = YES_ERROR;
				CLANG_WARN_EMPTY_BODY = YES;
				CLANG_WARN_ENUM_CONVERSION = YES;
				CLANG_WARN_INT_CONVERSION = YES;
				CLANG_WARN_OBJC_ROOT_CLASS = YES_ERROR;
				CLANG_WARN_UNREACHABLE_CODE = YES;
				CLANG_WARN__DUPLICATE_METHOD_MATCH = YES;
				"CODE_SIGN_IDENTITY[sdk=iphoneos*]" = "iPhone Developer";
				COPY_PHASE_STRIP = NO;
				DEBUG_INFORMATION_FORMAT = dwarf;
				ENABLE_STRICT_OBJC_MSGSEND = YES;
				GCC_C_LANGUAGE_STANDARD = gnu99;
				GCC_DYNAMIC_NO_PIC = NO;
				GCC_NO_COMMON_BLOCKS = YES;
				GCC_OPTIMIZATION_LEVEL = 0;
				GCC_PREPROCESSOR_DEFINITIONS = (
					"DEBUG=1",
					"$(inherited)",
				);
				GCC_SYMBOLS_PRIVATE_EXTERN = NO;
				GCC_WARN_64_TO_32_BIT_CONVERSION = YES;
				GCC_WARN_ABOUT_RETURN_TYPE = YES_ERROR;
				GCC_WARN_UNDECLARED_SELECTOR = YES;
				GCC_WARN_UNINITIALIZED_AUTOS = YES_AGGRESSIVE;
				GCC_WARN_UNUSED_FUNCTION = YES;
				GCC_WARN_UNUSED_VARIABLE = YES;
				IPHONEOS_DEPLOYMENT_TARGET = 8.3;
				MTL_ENABLE_DEBUG_INFO = YES;
				ONLY_ACTIVE_ARCH = YES;
				SDKROOT = iphoneos;
				SWIFT_OPTIMIZATION_LEVEL = "-Onone";
			};
			name = Debug;
		};
		7A3F43C51AA9CFE90086195E /* Release */ = {
			isa = XCBuildConfiguration;
			buildSettings = {
				ALWAYS_SEARCH_USER_PATHS = NO;
				CLANG_CXX_LANGUAGE_STANDARD = "gnu++0x";
				CLANG_CXX_LIBRARY = "libc++";
				CLANG_ENABLE_MODULES = YES;
				CLANG_ENABLE_OBJC_ARC = YES;
				CLANG_WARN_BOOL_CONVERSION = YES;
				CLANG_WARN_CONSTANT_CONVERSION = YES;
				CLANG_WARN_DIRECT_OBJC_ISA_USAGE = YES_ERROR;
				CLANG_WARN_EMPTY_BODY = YES;
				CLANG_WARN_ENUM_CONVERSION = YES;
				CLANG_WARN_INT_CONVERSION = YES;
				CLANG_WARN_OBJC_ROOT_CLASS = YES_ERROR;
				CLANG_WARN_UNREACHABLE_CODE = YES;
				CLANG_WARN__DUPLICATE_METHOD_MATCH = YES;
				"CODE_SIGN_IDENTITY[sdk=iphoneos*]" = "iPhone Developer";
				COPY_PHASE_STRIP = NO;
				DEBUG_INFORMATION_FORMAT = "dwarf-with-dsym";
				ENABLE_NS_ASSERTIONS = NO;
				ENABLE_STRICT_OBJC_MSGSEND = YES;
				GCC_C_LANGUAGE_STANDARD = gnu99;
				GCC_NO_COMMON_BLOCKS = YES;
				GCC_WARN_64_TO_32_BIT_CONVERSION = YES;
				GCC_WARN_ABOUT_RETURN_TYPE = YES_ERROR;
				GCC_WARN_UNDECLARED_SELECTOR = YES;
				GCC_WARN_UNINITIALIZED_AUTOS = YES_AGGRESSIVE;
				GCC_WARN_UNUSED_FUNCTION = YES;
				GCC_WARN_UNUSED_VARIABLE = YES;
				IPHONEOS_DEPLOYMENT_TARGET = 8.3;
				MTL_ENABLE_DEBUG_INFO = NO;
				SDKROOT = iphoneos;
				VALIDATE_PRODUCT = YES;
			};
			name = Release;
		};
		7A3F43C71AA9CFE90086195E /* Debug */ = {
			isa = XCBuildConfiguration;
			buildSettings = {
				ASSETCATALOG_COMPILER_APPICON_NAME = AppIcon;
				INFOPLIST_FILE = MKWeibo/Info.plist;
				LD_RUNPATH_SEARCH_PATHS = "$(inherited) @executable_path/Frameworks";
				PRODUCT_NAME = "$(TARGET_NAME)";
				SWIFT_OBJC_BRIDGING_HEADER = "MKWeibo/MKWeibo-Bridge.h";
			};
			name = Debug;
		};
		7A3F43C81AA9CFE90086195E /* Release */ = {
			isa = XCBuildConfiguration;
			buildSettings = {
				ASSETCATALOG_COMPILER_APPICON_NAME = AppIcon;
				INFOPLIST_FILE = MKWeibo/Info.plist;
				LD_RUNPATH_SEARCH_PATHS = "$(inherited) @executable_path/Frameworks";
				PRODUCT_NAME = "$(TARGET_NAME)";
				SWIFT_OBJC_BRIDGING_HEADER = "MKWeibo/MKWeibo-Bridge.h";
			};
			name = Release;
		};
		7A3F43CA1AA9CFE90086195E /* Debug */ = {
			isa = XCBuildConfiguration;
			buildSettings = {
				BUNDLE_LOADER = "$(TEST_HOST)";
				FRAMEWORK_SEARCH_PATHS = (
					"$(SDKROOT)/Developer/Library/Frameworks",
					"$(inherited)",
				);
				GCC_PREPROCESSOR_DEFINITIONS = (
					"DEBUG=1",
					"$(inherited)",
				);
				INFOPLIST_FILE = MKWeiboTests/Info.plist;
				LD_RUNPATH_SEARCH_PATHS = "$(inherited) @executable_path/Frameworks @loader_path/Frameworks";
				PRODUCT_NAME = "$(TARGET_NAME)";
				TEST_HOST = "$(BUILT_PRODUCTS_DIR)/MKWeibo.app/MKWeibo";
			};
			name = Debug;
		};
		7A3F43CB1AA9CFE90086195E /* Release */ = {
			isa = XCBuildConfiguration;
			buildSettings = {
				BUNDLE_LOADER = "$(TEST_HOST)";
				FRAMEWORK_SEARCH_PATHS = (
					"$(SDKROOT)/Developer/Library/Frameworks",
					"$(inherited)",
				);
				INFOPLIST_FILE = MKWeiboTests/Info.plist;
				LD_RUNPATH_SEARCH_PATHS = "$(inherited) @executable_path/Frameworks @loader_path/Frameworks";
				PRODUCT_NAME = "$(TARGET_NAME)";
				TEST_HOST = "$(BUILT_PRODUCTS_DIR)/MKWeibo.app/MKWeibo";
			};
			name = Release;
		};
/* End XCBuildConfiguration section */

/* Begin XCConfigurationList section */
		7A3F43A21AA9CFE90086195E /* Build configuration list for PBXProject "MKWeibo" */ = {
			isa = XCConfigurationList;
			buildConfigurations = (
				7A3F43C41AA9CFE90086195E /* Debug */,
				7A3F43C51AA9CFE90086195E /* Release */,
			);
			defaultConfigurationIsVisible = 0;
			defaultConfigurationName = Release;
		};
		7A3F43C61AA9CFE90086195E /* Build configuration list for PBXNativeTarget "MKWeibo" */ = {
			isa = XCConfigurationList;
			buildConfigurations = (
				7A3F43C71AA9CFE90086195E /* Debug */,
				7A3F43C81AA9CFE90086195E /* Release */,
			);
			defaultConfigurationIsVisible = 0;
			defaultConfigurationName = Release;
		};
		7A3F43C91AA9CFE90086195E /* Build configuration list for PBXNativeTarget "MKWeiboTests" */ = {
			isa = XCConfigurationList;
			buildConfigurations = (
				7A3F43CA1AA9CFE90086195E /* Debug */,
				7A3F43CB1AA9CFE90086195E /* Release */,
			);
			defaultConfigurationIsVisible = 0;
			defaultConfigurationName = Release;
		};
/* End XCConfigurationList section */
	};
	rootObject = 7A3F439F1AA9CFE90086195E /* Project object */;
}
